
Microsoft Visual Studio Solution File, Format Version 12.00
# Visual Studio Version 17
VisualStudioVersion = 17.9.34607.119
MinimumVisualStudioVersion = 10.0.40219.1
Project("{9A19103F-16F7-4668-BE54-9A1E7A4F7556}") = "RandomExamGenerator.DAL", "RandomExamGenerator.DAL\RandomExamGenerator.DAL.csproj", "{28448BD7-11C0-4845-80BC-F60CD4B90B38}"
EndProject
Project("{9A19103F-16F7-4668-BE54-9A1E7A4F7556}") = "RandomExamGenerator.WinFormsUI", "RandomExamGenerator.WinFormsUI\RandomExamGenerator.WinFormsUI.csproj", "{67B394F5-F081-4FCE-BB92-0A7AAD1E3D29}"
EndProject
Project("{9A19103F-16F7-4668-BE54-9A1E7A4F7556}") = "RandomExamGenerator.BLL", "RandomExamGenerator.BLL\RandomExamGenerator.BLL.csproj", "{BB691053-9E77-4B5B-B87A-C70A01009EE9}"
EndProject
Project("{2150E333-8FDC-42A3-9474-1A3956D46DE8}") = "Solution Items", "Solution Items", "{20215B16-BD24-4DAA-BF49-B5A042435A14}"
	ProjectSection(SolutionItems) = preProject
		.editorconfig = .editorconfig
	EndProjectSection
EndProject
Project("{F14B399A-7131-4C87-9E4B-1186C45EF12D}") = "DBReports", "DBReports\DBReports.rptproj", "{8B4A549B-B4D0-4690-8045-DA58D0BE7EDA}"
EndProject
Global
	GlobalSection(SolutionConfigurationPlatforms) = preSolution
		Debug|Any CPU = Debug|Any CPU
		DebugLocal|Any CPU = DebugLocal|Any CPU
		Release|Any CPU = Release|Any CPU
	EndGlobalSection
	GlobalSection(ProjectConfigurationPlatforms) = postSolution
		{28448BD7-11C0-4845-80BC-F60CD4B90B38}.Debug|Any CPU.ActiveCfg = Debug|Any CPU
		{28448BD7-11C0-4845-80BC-F60CD4B90B38}.Debug|Any CPU.Build.0 = Debug|Any CPU
		{28448BD7-11C0-4845-80BC-F60CD4B90B38}.DebugLocal|Any CPU.ActiveCfg = Debug|Any CPU
		{28448BD7-11C0-4845-80BC-F60CD4B90B38}.DebugLocal|Any CPU.Build.0 = Debug|Any CPU
		{28448BD7-11C0-4845-80BC-F60CD4B90B38}.Release|Any CPU.ActiveCfg = Release|Any CPU
		{28448BD7-11C0-4845-80BC-F60CD4B90B38}.Release|Any CPU.Build.0 = Release|Any CPU
		{67B394F5-F081-4FCE-BB92-0A7AAD1E3D29}.Debug|Any CPU.ActiveCfg = Debug|Any CPU
		{67B394F5-F081-4FCE-BB92-0A7AAD1E3D29}.Debug|Any CPU.Build.0 = Debug|Any CPU
		{67B394F5-F081-4FCE-BB92-0A7AAD1E3D29}.DebugLocal|Any CPU.ActiveCfg = Debug|Any CPU
		{67B394F5-F081-4FCE-BB92-0A7AAD1E3D29}.DebugLocal|Any CPU.Build.0 = Debug|Any CPU
		{67B394F5-F081-4FCE-BB92-0A7AAD1E3D29}.Release|Any CPU.ActiveCfg = Release|Any CPU
		{67B394F5-F081-4FCE-BB92-0A7AAD1E3D29}.Release|Any CPU.Build.0 = Release|Any CPU
		{BB691053-9E77-4B5B-B87A-C70A01009EE9}.Debug|Any CPU.ActiveCfg = Debug|Any CPU
		{BB691053-9E77-4B5B-B87A-C70A01009EE9}.Debug|Any CPU.Build.0 = Debug|Any CPU
		{BB691053-9E77-4B5B-B87A-C70A01009EE9}.DebugLocal|Any CPU.ActiveCfg = Debug|Any CPU
		{BB691053-9E77-4B5B-B87A-C70A01009EE9}.DebugLocal|Any CPU.Build.0 = Debug|Any CPU
		{BB691053-9E77-4B5B-B87A-C70A01009EE9}.Release|Any CPU.ActiveCfg = Release|Any CPU
		{BB691053-9E77-4B5B-B87A-C70A01009EE9}.Release|Any CPU.Build.0 = Release|Any CPU
		{8B4A549B-B4D0-4690-8045-DA58D0BE7EDA}.Debug|Any CPU.ActiveCfg = Debug
		{8B4A549B-B4D0-4690-8045-DA58D0BE7EDA}.Debug|Any CPU.Build.0 = Debug
		{8B4A549B-B4D0-4690-8045-DA58D0BE7EDA}.Debug|Any CPU.Deploy.0 = Debug
		{8B4A549B-B4D0-4690-8045-DA58D0BE7EDA}.DebugLocal|Any CPU.ActiveCfg = DebugLocal
		{8B4A549B-B4D0-4690-8045-DA58D0BE7EDA}.DebugLocal|Any CPU.Build.0 = DebugLocal
		{8B4A549B-B4D0-4690-8045-DA58D0BE7EDA}.Release|Any CPU.ActiveCfg = Release
		{8B4A549B-B4D0-4690-8045-DA58D0BE7EDA}.Release|Any CPU.Build.0 = Release
		{8B4A549B-B4D0-4690-8045-DA58D0BE7EDA}.Release|Any CPU.Deploy.0 = Release
	EndGlobalSection
	GlobalSection(SolutionProperties) = preSolution
		HideSolutionNode = FALSE
	EndGlobalSection
	GlobalSection(ExtensibilityGlobals) = postSolution
		SolutionGuid = {620A3B4C-7A62-4079-B735-E71BE7D57705}
	EndGlobalSection
EndGlobal
